// !$*UTF8*$!
{
	archiveVersion = 1;
	classes = {
	};
	objectVersion = 46;
	objects = {

/* Begin PBXBuildFile section */
		FBBC6B4E1C7FDB7E0085F78E /* AppDelegate.swift in Sources */ = {isa = PBXBuildFile; fileRef = FBBC6B4D1C7FDB7E0085F78E /* AppDelegate.swift */; };
		FBBC6B501C7FDB7E0085F78E /* ViewController.swift in Sources */ = {isa = PBXBuildFile; fileRef = FBBC6B4F1C7FDB7E0085F78E /* ViewController.swift */; };
		FBBC6B531C7FDB7E0085F78E /* Main.storyboard in Resources */ = {isa = PBXBuildFile; fileRef = FBBC6B511C7FDB7E0085F78E /* Main.storyboard */; };
		FBBC6B551C7FDB7E0085F78E /* Assets.xcassets in Resources */ = {isa = PBXBuildFile; fileRef = FBBC6B541C7FDB7E0085F78E /* Assets.xcassets */; };
		FBBC6B581C7FDB7E0085F78E /* LaunchScreen.storyboard in Resources */ = {isa = PBXBuildFile; fileRef = FBBC6B561C7FDB7E0085F78E /* LaunchScreen.storyboard */; };
		FBBC6B631C7FDB7E0085F78E /* onPointTests.swift in Sources */ = {isa = PBXBuildFile; fileRef = FBBC6B621C7FDB7E0085F78E /* onPointTests.swift */; };
		FBBC6B721C7FDCC50085F78E /* Appointments.png in Resources */ = {isa = PBXBuildFile; fileRef = FBBC6B6D1C7FDCC50085F78E /* Appointments.png */; };
		FBBC6B731C7FDCC50085F78E /* Goals.png in Resources */ = {isa = PBXBuildFile; fileRef = FBBC6B6E1C7FDCC50085F78E /* Goals.png */; };
		FBBC6B741C7FDCC50085F78E /* Measurements.png in Resources */ = {isa = PBXBuildFile; fileRef = FBBC6B6F1C7FDCC50085F78E /* Measurements.png */; };
		FBBC6B751C7FDCC50085F78E /* Medications.png in Resources */ = {isa = PBXBuildFile; fileRef = FBBC6B701C7FDCC50085F78E /* Medications.png */; };
		FBBC6B761C7FDCC50085F78E /* Symptoms.png in Resources */ = {isa = PBXBuildFile; fileRef = FBBC6B711C7FDCC50085F78E /* Symptoms.png */; };
/* End PBXBuildFile section */

/* Begin PBXContainerItemProxy section */
		FBBC6B5F1C7FDB7E0085F78E /* PBXContainerItemProxy */ = {
			isa = PBXContainerItemProxy;
			containerPortal = FBBC6B421C7FDB7E0085F78E /* Project object */;
			proxyType = 1;
			remoteGlobalIDString = FBBC6B491C7FDB7E0085F78E;
			remoteInfo = onPoint;
		};
/* End PBXContainerItemProxy section */

/* Begin PBXFileReference section */
		FBBC6B4A1C7FDB7E0085F78E /* onPoint.app */ = {isa = PBXFileReference; explicitFileType = wrapper.application; includeInIndex = 0; path = onPoint.app; sourceTree = BUILT_PRODUCTS_DIR; };
		FBBC6B4D1C7FDB7E0085F78E /* AppDelegate.swift */ = {isa = PBXFileReference; lastKnownFileType = sourcecode.swift; path = AppDelegate.swift; sourceTree = "<group>"; };
		FBBC6B4F1C7FDB7E0085F78E /* ViewController.swift */ = {isa = PBXFileReference; lastKnownFileType = sourcecode.swift; path = ViewController.swift; sourceTree = "<group>"; };
		FBBC6B521C7FDB7E0085F78E /* Base */ = {isa = PBXFileReference; lastKnownFileType = file.storyboard; name = Base; path = Base.lproj/Main.storyboard; sourceTree = "<group>"; };
		FBBC6B541C7FDB7E0085F78E /* Assets.xcassets */ = {isa = PBXFileReference; lastKnownFileType = folder.assetcatalog; path = Assets.xcassets; sourceTree = "<group>"; };
		FBBC6B571C7FDB7E0085F78E /* Base */ = {isa = PBXFileReference; lastKnownFileType = file.storyboard; name = Base; path = Base.lproj/LaunchScreen.storyboard; sourceTree = "<group>"; };
		FBBC6B591C7FDB7E0085F78E /* Info.plist */ = {isa = PBXFileReference; lastKnownFileType = text.plist.xml; path = Info.plist; sourceTree = "<group>"; };
		FBBC6B5E1C7FDB7E0085F78E /* onPointTests.xctest */ = {isa = PBXFileReference; explicitFileType = wrapper.cfbundle; includeInIndex = 0; path = onPointTests.xctest; sourceTree = BUILT_PRODUCTS_DIR; };
		FBBC6B621C7FDB7E0085F78E /* onPointTests.swift */ = {isa = PBXFileReference; lastKnownFileType = sourcecode.swift; path = onPointTests.swift; sourceTree = "<group>"; };
		FBBC6B641C7FDB7E0085F78E /* Info.plist */ = {isa = PBXFileReference; lastKnownFileType = text.plist.xml; path = Info.plist; sourceTree = "<group>"; };
		FBBC6B6D1C7FDCC50085F78E /* Appointments.png */ = {isa = PBXFileReference; lastKnownFileType = image.png; path = Appointments.png; sourceTree = "<group>"; };
		FBBC6B6E1C7FDCC50085F78E /* Goals.png */ = {isa = PBXFileReference; lastKnownFileType = image.png; path = Goals.png; sourceTree = "<group>"; };
		FBBC6B6F1C7FDCC50085F78E /* Measurements.png */ = {isa = PBXFileReference; lastKnownFileType = image.png; path = Measurements.png; sourceTree = "<group>"; };
		FBBC6B701C7FDCC50085F78E /* Medications.png */ = {isa = PBXFileReference; lastKnownFileType = image.png; path = Medications.png; sourceTree = "<group>"; };
		FBBC6B711C7FDCC50085F78E /* Symptoms.png */ = {isa = PBXFileReference; lastKnownFileType = image.png; path = Symptoms.png; sourceTree = "<group>"; };
/* End PBXFileReference section */

/* Begin PBXFrameworksBuildPhase section */
		FBBC6B471C7FDB7E0085F78E /* Frameworks */ = {
			isa = PBXFrameworksBuildPhase;
			buildActionMask = 2147483647;
			files = (
			);
			runOnlyForDeploymentPostprocessing = 0;
		};
		FBBC6B5B1C7FDB7E0085F78E /* Frameworks */ = {
			isa = PBXFrameworksBuildPhase;
			buildActionMask = 2147483647;
			files = (
			);
			runOnlyForDeploymentPostprocessing = 0;
		};
/* End PBXFrameworksBuildPhase section */

/* Begin PBXGroup section */
		FBBC6B411C7FDB7E0085F78E = {
			isa = PBXGroup;
			children = (
				FBBC6B4C1C7FDB7E0085F78E /* onPoint */,
				FBBC6B611C7FDB7E0085F78E /* onPointTests */,
				FBBC6B4B1C7FDB7E0085F78E /* Products */,
			);
			sourceTree = "<group>";
		};
		FBBC6B4B1C7FDB7E0085F78E /* Products */ = {
			isa = PBXGroup;
			children = (
				FBBC6B4A1C7FDB7E0085F78E /* onPoint.app */,
				FBBC6B5E1C7FDB7E0085F78E /* onPointTests.xctest */,
			);
			name = Products;
			sourceTree = "<group>";
		};
		FBBC6B4C1C7FDB7E0085F78E /* onPoint */ = {
			isa = PBXGroup;
			children = (
				FBBC6B4D1C7FDB7E0085F78E /* AppDelegate.swift */,
				FBBC6B4F1C7FDB7E0085F78E /* ViewController.swift */,
				FBBC6B511C7FDB7E0085F78E /* Main.storyboard */,
				FBBC6B541C7FDB7E0085F78E /* Assets.xcassets */,
				FBBC6B771C7FDCCC0085F78E /* Icons */,
				FBBC6B561C7FDB7E0085F78E /* LaunchScreen.storyboard */,
				FBBC6B591C7FDB7E0085F78E /* Info.plist */,
			);
			path = onPoint;
			sourceTree = "<group>";
		};
		FBBC6B611C7FDB7E0085F78E /* onPointTests */ = {
			isa = PBXGroup;
			children = (
				FBBC6B621C7FDB7E0085F78E /* onPointTests.swift */,
				FBBC6B641C7FDB7E0085F78E /* Info.plist */,
			);
			path = onPointTests;
			sourceTree = "<group>";
		};
		FBBC6B771C7FDCCC0085F78E /* Icons */ = {
			isa = PBXGroup;
			children = (
				FBBC6B6D1C7FDCC50085F78E /* Appointments.png */,
				FBBC6B6E1C7FDCC50085F78E /* Goals.png */,
				FBBC6B6F1C7FDCC50085F78E /* Measurements.png */,
				FBBC6B701C7FDCC50085F78E /* Medications.png */,
				FBBC6B711C7FDCC50085F78E /* Symptoms.png */,
			);
			name = Icons;
			sourceTree = "<group>";
		};
/* End PBXGroup section */

/* Begin PBXNativeTarget section */
		FBBC6B491C7FDB7E0085F78E /* onPoint */ = {
			isa = PBXNativeTarget;
			buildConfigurationList = FBBC6B671C7FDB7E0085F78E /* Build configuration list for PBXNativeTarget "onPoint" */;
			buildPhases = (
				FBBC6B461C7FDB7E0085F78E /* Sources */,
				FBBC6B471C7FDB7E0085F78E /* Frameworks */,
				FBBC6B481C7FDB7E0085F78E /* Resources */,
			);
			buildRules = (
			);
			dependencies = (
			);
			name = onPoint;
			productName = onPoint;
			productReference = FBBC6B4A1C7FDB7E0085F78E /* onPoint.app */;
			productType = "com.apple.product-type.application";
		};
		FBBC6B5D1C7FDB7E0085F78E /* onPointTests */ = {
			isa = PBXNativeTarget;
			buildConfigurationList = FBBC6B6A1C7FDB7E0085F78E /* Build configuration list for PBXNativeTarget "onPointTests" */;
			buildPhases = (
				FBBC6B5A1C7FDB7E0085F78E /* Sources */,
				FBBC6B5B1C7FDB7E0085F78E /* Frameworks */,
				FBBC6B5C1C7FDB7E0085F78E /* Resources */,
			);
			buildRules = (
			);
			dependencies = (
				FBBC6B601C7FDB7E0085F78E /* PBXTargetDependency */,
			);
			name = onPointTests;
			productName = onPointTests;
			productReference = FBBC6B5E1C7FDB7E0085F78E /* onPointTests.xctest */;
			productType = "com.apple.product-type.bundle.unit-test";
		};
/* End PBXNativeTarget section */

/* Begin PBXProject section */
		FBBC6B421C7FDB7E0085F78E /* Project object */ = {
			isa = PBXProject;
			attributes = {
				LastSwiftUpdateCheck = 0720;
				LastUpgradeCheck = 0720;
				ORGANIZATIONNAME = Citris;
				TargetAttributes = {
					FBBC6B491C7FDB7E0085F78E = {
						CreatedOnToolsVersion = 7.2;
						DevelopmentTeam = TAC7XRYRCK;
					};
					FBBC6B5D1C7FDB7E0085F78E = {
						CreatedOnToolsVersion = 7.2;
						DevelopmentTeam = TAC7XRYRCK;
						TestTargetID = FBBC6B491C7FDB7E0085F78E;
					};
				};
			};
			buildConfigurationList = FBBC6B451C7FDB7E0085F78E /* Build configuration list for PBXProject "onPoint" */;
			compatibilityVersion = "Xcode 3.2";
			developmentRegion = English;
			hasScannedForEncodings = 0;
			knownRegions = (
				en,
				Base,
			);
			mainGroup = FBBC6B411C7FDB7E0085F78E;
			productRefGroup = FBBC6B4B1C7FDB7E0085F78E /* Products */;
			projectDirPath = "";
			projectRoot = "";
			targets = (
				FBBC6B491C7FDB7E0085F78E /* onPoint */,
				FBBC6B5D1C7FDB7E0085F78E /* onPointTests */,
			);
		};
/* End PBXProject section */

/* Begin PBXResourcesBuildPhase section */
		FBBC6B481C7FDB7E0085F78E /* Resources */ = {
			isa = PBXResourcesBuildPhase;
			buildActionMask = 2147483647;
			files = (
				FBBC6B581C7FDB7E0085F78E /* LaunchScreen.storyboard in Resources */,
				FBBC6B721C7FDCC50085F78E /* Appointments.png in Resources */,
				FBBC6B741C7FDCC50085F78E /* Measurements.png in Resources */,
				FBBC6B761C7FDCC50085F78E /* Symptoms.png in Resources */,
				FBBC6B551C7FDB7E0085F78E /* Assets.xcassets in Resources */,
				FBBC6B751C7FDCC50085F78E /* Medications.png in Resources */,
				FBBC6B531C7FDB7E0085F78E /* Main.storyboard in Resources */,
				FBBC6B731C7FDCC50085F78E /* Goals.png in Resources */,
			);
			runOnlyForDeploymentPostprocessing = 0;
		};
		FBBC6B5C1C7FDB7E0085F78E /* Resources */ = {
			isa = PBXResourcesBuildPhase;
			buildActionMask = 2147483647;
			files = (
			);
			runOnlyForDeploymentPostprocessing = 0;
		};
/* End PBXResourcesBuildPhase section */

/* Begin PBXSourcesBuildPhase section */
		FBBC6B461C7FDB7E0085F78E /* Sources */ = {
			isa = PBXSourcesBuildPhase;
			buildActionMask = 2147483647;
			files = (
				FBBC6B501C7FDB7E0085F78E /* ViewController.swift in Sources */,
				FBBC6B4E1C7FDB7E0085F78E /* AppDelegate.swift in Sources */,
			);
			runOnlyForDeploymentPostprocessing = 0;
		};
		FBBC6B5A1C7FDB7E0085F78E /* Sources */ = {
			isa = PBXSourcesBuildPhase;
			buildActionMask = 2147483647;
			files = (
				FBBC6B631C7FDB7E0085F78E /* onPointTests.swift in Sources */,
			);
			runOnlyForDeploymentPostprocessing = 0;
		};
/* End PBXSourcesBuildPhase section */

/* Begin PBXTargetDependency section */
		FBBC6B601C7FDB7E0085F78E /* PBXTargetDependency */ = {
			isa = PBXTargetDependency;
			target = FBBC6B491C7FDB7E0085F78E /* onPoint */;
			targetProxy = FBBC6B5F1C7FDB7E0085F78E /* PBXContainerItemProxy */;
		};
/* End PBXTargetDependency section */

/* Begin PBXVariantGroup section */
		FBBC6B511C7FDB7E0085F78E /* Main.storyboard */ = {
			isa = PBXVariantGroup;
			children = (
				FBBC6B521C7FDB7E0085F78E /* Base */,
			);
			name = Main.storyboard;
			sourceTree = "<group>";
		};
		FBBC6B561C7FDB7E0085F78E /* LaunchScreen.storyboard */ = {
			isa = PBXVariantGroup;
			children = (
				FBBC6B571C7FDB7E0085F78E /* Base */,
			);
			name = LaunchScreen.storyboard;
			sourceTree = "<group>";
		};
/* End PBXVariantGroup section */

/* Begin XCBuildConfiguration section */
		FBBC6B651C7FDB7E0085F78E /* Debug */ = {
			isa = XCBuildConfiguration;
			buildSettings = {
				ALWAYS_SEARCH_USER_PATHS = NO;
				CLANG_CXX_LANGUAGE_STANDARD = "gnu++0x";
				CLANG_CXX_LIBRARY = "libc++";
				CLANG_ENABLE_MODULES = YES;
				CLANG_ENABLE_OBJC_ARC = YES;
				CLANG_WARN_BOOL_CONVERSION = YES;
				CLANG_WARN_CONSTANT_CONVERSION = YES;
				CLANG_WARN_DIRECT_OBJC_ISA_USAGE = YES_ERROR;
				CLANG_WARN_EMPTY_BODY = YES;
				CLANG_WARN_ENUM_CONVERSION = YES;
				CLANG_WARN_INT_CONVERSION = YES;
				CLANG_WARN_OBJC_ROOT_CLASS = YES_ERROR;
				CLANG_WARN_UNREACHABLE_CODE = YES;
				CLANG_WARN__DUPLICATE_METHOD_MATCH = YES;
				"CODE_SIGN_IDENTITY[sdk=iphoneos*]" = "iPhone Developer";
				COPY_PHASE_STRIP = NO;
				DEBUG_INFORMATION_FORMAT = dwarf;
				ENABLE_STRICT_OBJC_MSGSEND = YES;
				ENABLE_TESTABILITY = YES;
				GCC_C_LANGUAGE_STANDARD = gnu99;
				GCC_DYNAMIC_NO_PIC = NO;
				GCC_NO_COMMON_BLOCKS = YES;
				GCC_OPTIMIZATION_LEVEL = 0;
				GCC_PREPROCESSOR_DEFINITIONS = (
					"DEBUG=1",
					"$(inherited)",
				);
				GCC_WARN_64_TO_32_BIT_CONVERSION = YES;
				GCC_WARN_ABOUT_RETURN_TYPE = YES_ERROR;
				GCC_WARN_UNDECLARED_SELECTOR = YES;
				GCC_WARN_UNINITIALIZED_AUTOS = YES_AGGRESSIVE;
				GCC_WARN_UNUSED_FUNCTION = YES;
				GCC_WARN_UNUSED_VARIABLE = YES;
				IPHONEOS_DEPLOYMENT_TARGET = 9.2;
				MTL_ENABLE_DEBUG_INFO = YES;
				ONLY_ACTIVE_ARCH = YES;
				SDKROOT = iphoneos;
				SWIFT_OPTIMIZATION_LEVEL = "-Onone";
				TARGETED_DEVICE_FAMILY = "1,2";
			};
			name = Debug;
		};
		FBBC6B661C7FDB7E0085F78E /* Release */ = {
			isa = XCBuildConfiguration;
			buildSettings = {
				ALWAYS_SEARCH_USER_PATHS = NO;
				CLANG_CXX_LANGUAGE_STANDARD = "gnu++0x";
				CLANG_CXX_LIBRARY = "libc++";
				CLANG_ENABLE_MODULES = YES;
				CLANG_ENABLE_OBJC_ARC = YES;
				CLANG_WARN_BOOL_CONVERSION = YES;
				CLANG_WARN_CONSTANT_CONVERSION = YES;
				CLANG_WARN_DIRECT_OBJC_ISA_USAGE = YES_ERROR;
				CLANG_WARN_EMPTY_BODY = YES;
				CLANG_WARN_ENUM_CONVERSION = YES;
				CLANG_WARN_INT_CONVERSION = YES;
				CLANG_WARN_OBJC_ROOT_CLASS = YES_ERROR;
				CLANG_WARN_UNREACHABLE_CODE = YES;
				CLANG_WARN__DUPLICATE_METHOD_MATCH = YES;
				"CODE_SIGN_IDENTITY[sdk=iphoneos*]" = "iPhone Developer";
				COPY_PHASE_STRIP = NO;
				DEBUG_INFORMATION_FORMAT = "dwarf-with-dsym";
				ENABLE_NS_ASSERTIONS = NO;
				ENABLE_STRICT_OBJC_MSGSEND = YES;
				GCC_C_LANGUAGE_STANDARD = gnu99;
				GCC_NO_COMMON_BLOCKS = YES;
				GCC_WARN_64_TO_32_BIT_CONVERSION = YES;
				GCC_WARN_ABOUT_RETURN_TYPE = YES_ERROR;
				GCC_WARN_UNDECLARED_SELECTOR = YES;
				GCC_WARN_UNINITIALIZED_AUTOS = YES_AGGRESSIVE;
				GCC_WARN_UNUSED_FUNCTION = YES;
				GCC_WARN_UNUSED_VARIABLE = YES;
				IPHONEOS_DEPLOYMENT_TARGET = 9.2;
				MTL_ENABLE_DEBUG_INFO = NO;
				SDKROOT = iphoneos;
				TARGETED_DEVICE_FAMILY = "1,2";
				VALIDATE_PRODUCT = YES;
			};
			name = Release;
		};
		FBBC6B681C7FDB7E0085F78E /* Debug */ = {
			isa = XCBuildConfiguration;
			buildSettings = {
				ASSETCATALOG_COMPILER_APPICON_NAME = AppIcon;
				INFOPLIST_FILE = onPoint/Info.plist;
				LD_RUNPATH_SEARCH_PATHS = "$(inherited) @executable_path/Frameworks";
				PRODUCT_BUNDLE_IDENTIFIER = com.onPoint;
				PRODUCT_NAME = "$(TARGET_NAME)";
			};
			name = Debug;
		};
		FBBC6B691C7FDB7E0085F78E /* Release */ = {
			isa = XCBuildConfiguration;
			buildSettings = {
				ASSETCATALOG_COMPILER_APPICON_NAME = AppIcon;
				INFOPLIST_FILE = onPoint/Info.plist;
				LD_RUNPATH_SEARCH_PATHS = "$(inherited) @executable_path/Frameworks";
				PRODUCT_BUNDLE_IDENTIFIER = com.onPoint;
				PRODUCT_NAME = "$(TARGET_NAME)";
			};
			name = Release;
		};
		FBBC6B6B1C7FDB7E0085F78E /* Debug */ = {
			isa = XCBuildConfiguration;
			buildSettings = {
				BUNDLE_LOADER = "$(TEST_HOST)";
				INFOPLIST_FILE = onPointTests/Info.plist;
				LD_RUNPATH_SEARCH_PATHS = "$(inherited) @executable_path/Frameworks @loader_path/Frameworks";
				PRODUCT_BUNDLE_IDENTIFIER = com.onPointTests;
				PRODUCT_NAME = "$(TARGET_NAME)";
				TEST_HOST = "$(BUILT_PRODUCTS_DIR)/onPoint.app/onPoint";
			};
			name = Debug;
		};
		FBBC6B6C1C7FDB7E0085F78E /* Release */ = {
			isa = XCBuildConfiguration;
			buildSettings = {
				BUNDLE_LOADER = "$(TEST_HOST)";
				INFOPLIST_FILE = onPointTests/Info.plist;
				LD_RUNPATH_SEARCH_PATHS = "$(inherited) @executable_path/Frameworks @loader_path/Frameworks";
				PRODUCT_BUNDLE_IDENTIFIER = com.onPointTests;
				PRODUCT_NAME = "$(TARGET_NAME)";
				TEST_HOST = "$(BUILT_PRODUCTS_DIR)/onPoint.app/onPoint";
			};
			name = Release;
		};
/* End XCBuildConfiguration section */

/* Begin XCConfigurationList section */
		FBBC6B451C7FDB7E0085F78E /* Build configuration list for PBXProject "onPoint" */ = {
			isa = XCConfigurationList;
			buildConfigurations = (
				FBBC6B651C7FDB7E0085F78E /* Debug */,
				FBBC6B661C7FDB7E0085F78E /* Release */,
			);
			defaultConfigurationIsVisible = 0;
			defaultConfigurationName = Release;
		};
		FBBC6B671C7FDB7E0085F78E /* Build configuration list for PBXNativeTarget "onPoint" */ = {
			isa = XCConfigurationList;
			buildConfigurations = (
				FBBC6B681C7FDB7E0085F78E /* Debug */,
				FBBC6B691C7FDB7E0085F78E /* Release */,
			);
			defaultConfigurationIsVisible = 0;
		};
		FBBC6B6A1C7FDB7E0085F78E /* Build configuration list for PBXNativeTarget "onPointTests" */ = {
			isa = XCConfigurationList;
			buildConfigurations = (
				FBBC6B6B1C7FDB7E0085F78E /* Debug */,
				FBBC6B6C1C7FDB7E0085F78E /* Release */,
			);
			defaultConfigurationIsVisible = 0;
		};
/* End XCConfigurationList section */
	};
	rootObject = FBBC6B421C7FDB7E0085F78E /* Project object */;
}
